// !$*UTF8*$!
{
	archiveVersion = 1;
	classes = {
	};
	objectVersion = 50;
	objects = {

/* Begin PBXBuildFile section */
		C83B1BCE22A4163B008FD8B1 /* AppDelegate.swift in Sources */ = {isa = PBXBuildFile; fileRef = C83B1BCD22A4163B008FD8B1 /* AppDelegate.swift */; };
		C83B1BD022A4163B008FD8B1 /* Document.swift in Sources */ = {isa = PBXBuildFile; fileRef = C83B1BCF22A4163B008FD8B1 /* Document.swift */; };
		C83B1BD322A4163B008FD8B1 /* Document.xib in Resources */ = {isa = PBXBuildFile; fileRef = C83B1BD122A4163B008FD8B1 /* Document.xib */; };
		C83B1BD522A4163C008FD8B1 /* Assets.xcassets in Resources */ = {isa = PBXBuildFile; fileRef = C83B1BD422A4163C008FD8B1 /* Assets.xcassets */; };
		C83B1BD822A4163C008FD8B1 /* MainMenu.xib in Resources */ = {isa = PBXBuildFile; fileRef = C83B1BD622A4163C008FD8B1 /* MainMenu.xib */; };
/* End PBXBuildFile section */

/* Begin PBXFileReference section */
		C83B1BCA22A4163B008FD8B1 /* PrintInfoHang.app */ = {isa = PBXFileReference; explicitFileType = wrapper.application; includeInIndex = 0; path = PrintInfoHang.app; sourceTree = BUILT_PRODUCTS_DIR; };
		C83B1BCD22A4163B008FD8B1 /* AppDelegate.swift */ = {isa = PBXFileReference; lastKnownFileType = sourcecode.swift; path = AppDelegate.swift; sourceTree = "<group>"; };
		C83B1BCF22A4163B008FD8B1 /* Document.swift */ = {isa = PBXFileReference; lastKnownFileType = sourcecode.swift; path = Document.swift; sourceTree = "<group>"; };
		C83B1BD222A4163B008FD8B1 /* Base */ = {isa = PBXFileReference; lastKnownFileType = file.xib; name = Base; path = Base.lproj/Document.xib; sourceTree = "<group>"; };
		C83B1BD422A4163C008FD8B1 /* Assets.xcassets */ = {isa = PBXFileReference; lastKnownFileType = folder.assetcatalog; path = Assets.xcassets; sourceTree = "<group>"; };
		C83B1BD722A4163C008FD8B1 /* Base */ = {isa = PBXFileReference; lastKnownFileType = file.xib; name = Base; path = Base.lproj/MainMenu.xib; sourceTree = "<group>"; };
		C83B1BD922A4163C008FD8B1 /* Info.plist */ = {isa = PBXFileReference; lastKnownFileType = text.plist.xml; path = Info.plist; sourceTree = "<group>"; };
		C83B1BDA22A4163C008FD8B1 /* PrintInfoHang.entitlements */ = {isa = PBXFileReference; lastKnownFileType = text.plist.entitlements; path = PrintInfoHang.entitlements; sourceTree = "<group>"; };
/* End PBXFileReference section */

/* Begin PBXFrameworksBuildPhase section */
		C83B1BC722A4163B008FD8B1 /* Frameworks */ = {
			isa = PBXFrameworksBuildPhase;
			buildActionMask = 2147483647;
			files = (
			);
			runOnlyForDeploymentPostprocessing = 0;
		};
/* End PBXFrameworksBuildPhase section */

/* Begin PBXGroup section */
		C83B1BC122A4163B008FD8B1 = {
			isa = PBXGroup;
			children = (
				C83B1BCC22A4163B008FD8B1 /* PrintInfoHang */,
				C83B1BCB22A4163B008FD8B1 /* Products */,
			);
			sourceTree = "<group>";
		};
		C83B1BCB22A4163B008FD8B1 /* Products */ = {
			isa = PBXGroup;
			children = (
				C83B1BCA22A4163B008FD8B1 /* PrintInfoHang.app */,
			);
			name = Products;
			sourceTree = "<group>";
		};
		C83B1BCC22A4163B008FD8B1 /* PrintInfoHang */ = {
			isa = PBXGroup;
			children = (
				C83B1BCD22A4163B008FD8B1 /* AppDelegate.swift */,
				C83B1BCF22A4163B008FD8B1 /* Document.swift */,
				C83B1BD122A4163B008FD8B1 /* Document.xib */,
				C83B1BD422A4163C008FD8B1 /* Assets.xcassets */,
				C83B1BD622A4163C008FD8B1 /* MainMenu.xib */,
				C83B1BD922A4163C008FD8B1 /* Info.plist */,
				C83B1BDA22A4163C008FD8B1 /* PrintInfoHang.entitlements */,
			);
			path = PrintInfoHang;
			sourceTree = "<group>";
		};
/* End PBXGroup section */

/* Begin PBXNativeTarget section */
		C83B1BC922A4163B008FD8B1 /* PrintInfoHang */ = {
			isa = PBXNativeTarget;
			buildConfigurationList = C83B1BDD22A4163C008FD8B1 /* Build configuration list for PBXNativeTarget "PrintInfoHang" */;
			buildPhases = (
				C83B1BC622A4163B008FD8B1 /* Sources */,
				C83B1BC722A4163B008FD8B1 /* Frameworks */,
				C83B1BC822A4163B008FD8B1 /* Resources */,
			);
			buildRules = (
			);
			dependencies = (
			);
			name = PrintInfoHang;
			productName = PrintInfoHang;
			productReference = C83B1BCA22A4163B008FD8B1 /* PrintInfoHang.app */;
			productType = "com.apple.product-type.application";
		};
/* End PBXNativeTarget section */

/* Begin PBXProject section */
		C83B1BC222A4163B008FD8B1 /* Project object */ = {
			isa = PBXProject;
			attributes = {
				LastSwiftUpdateCheck = 1020;
				LastUpgradeCheck = 1020;
				ORGANIZATIONNAME = "IdeasOnCanvas GmbH";
				TargetAttributes = {
					C83B1BC922A4163B008FD8B1 = {
						CreatedOnToolsVersion = 10.2.1;
					};
				};
			};
			buildConfigurationList = C83B1BC522A4163B008FD8B1 /* Build configuration list for PBXProject "PrintInfoHang" */;
			compatibilityVersion = "Xcode 9.3";
			developmentRegion = en;
			hasScannedForEncodings = 0;
			knownRegions = (
				en,
				Base,
			);
			mainGroup = C83B1BC122A4163B008FD8B1;
			productRefGroup = C83B1BCB22A4163B008FD8B1 /* Products */;
			projectDirPath = "";
			projectRoot = "";
			targets = (
				C83B1BC922A4163B008FD8B1 /* PrintInfoHang */,
			);
		};
/* End PBXProject section */

/* Begin PBXResourcesBuildPhase section */
		C83B1BC822A4163B008FD8B1 /* Resources */ = {
			isa = PBXResourcesBuildPhase;
			buildActionMask = 2147483647;
			files = (
				C83B1BD522A4163C008FD8B1 /* Assets.xcassets in Resources */,
				C83B1BD322A4163B008FD8B1 /* Document.xib in Resources */,
				C83B1BD822A4163C008FD8B1 /* MainMenu.xib in Resources */,
			);
			runOnlyForDeploymentPostprocessing = 0;
		};
/* End PBXResourcesBuildPhase section */

/* Begin PBXSourcesBuildPhase section */
		C83B1BC622A4163B008FD8B1 /* Sources */ = {
			isa = PBXSourcesBuildPhase;
			buildActionMask = 2147483647;
			files = (
				C83B1BD022A4163B008FD8B1 /* Document.swift in Sources */,
				C83B1BCE22A4163B008FD8B1 /* AppDelegate.swift in Sources */,
			);
			runOnlyForDeploymentPostprocessing = 0;
		};
/* End PBXSourcesBuildPhase section */

/* Begin PBXVariantGroup section */
		C83B1BD122A4163B008FD8B1 /* Document.xib */ = {
			isa = PBXVariantGroup;
			children = (
				C83B1BD222A4163B008FD8B1 /* Base */,
			);
			name = Document.xib;
			sourceTree = "<group>";
		};
		C83B1BD622A4163C008FD8B1 /* MainMenu.xib */ = {
			isa = PBXVariantGroup;
			children = (
				C83B1BD722A4163C008FD8B1 /* Base */,
			);
			name = MainMenu.xib;
			sourceTree = "<group>";
		};
/* End PBXVariantGroup section */

/* Begin XCBuildConfiguration section */
		C83B1BDB22A4163C008FD8B1 /* Debug */ = {
			isa = XCBuildConfiguration;
			buildSettings = {
				ALWAYS_SEARCH_USER_PATHS = NO;
				CLANG_ANALYZER_NONNULL = YES;
				CLANG_ANALYZER_NUMBER_OBJECT_CONVERSION = YES_AGGRESSIVE;
				CLANG_CXX_LANGUAGE_STANDARD = "gnu++14";
				CLANG_CXX_LIBRARY = "libc++";
				CLANG_ENABLE_MODULES = YES;
				CLANG_ENABLE_OBJC_ARC = YES;
				CLANG_ENABLE_OBJC_WEAK = YES;
				CLANG_WARN_BLOCK_CAPTURE_AUTORELEASING = YES;
				CLANG_WARN_BOOL_CONVERSION = YES;
				CLANG_WARN_COMMA = YES;
				CLANG_WARN_CONSTANT_CONVERSION = YES;
				CLANG_WARN_DEPRECATED_OBJC_IMPLEMENTATIONS = YES;
				CLANG_WARN_DIRECT_OBJC_ISA_USAGE = YES_ERROR;
				CLANG_WARN_DOCUMENTATION_COMMENTS = YES;
				CLANG_WARN_EMPTY_BODY = YES;
				CLANG_WARN_ENUM_CONVERSION = YES;
				CLANG_WARN_INFINITE_RECURSION = YES;
				CLANG_WARN_INT_CONVERSION = YES;
				CLANG_WARN_NON_LITERAL_NULL_CONVERSION = YES;
				CLANG_WARN_OBJC_IMPLICIT_RETAIN_SELF = YES;
				CLANG_WARN_OBJC_LITERAL_CONVERSION = YES;
				CLANG_WARN_OBJC_ROOT_CLASS = YES_ERROR;
				CLANG_WARN_RANGE_LOOP_ANALYSIS = YES;
				CLANG_WARN_STRICT_PROTOTYPES = YES;
				CLANG_WARN_SUSPICIOUS_MOVE = YES;
				CLANG_WARN_UNGUARDED_AVAILABILITY = YES_AGGRESSIVE;
				CLANG_WARN_UNREACHABLE_CODE = YES;
				CLANG_WARN__DUPLICATE_METHOD_MATCH = YES;
				CODE_SIGN_IDENTITY = "Mac Developer";
				COPY_PHASE_STRIP = NO;
				DEBUG_INFORMATION_FORMAT = dwarf;
				ENABLE_STRICT_OBJC_MSGSEND = YES;
				ENABLE_TESTABILITY = YES;
				GCC_C_LANGUAGE_STANDARD = gnu11;
				GCC_DYNAMIC_NO_PIC = NO;
				GCC_NO_COMMON_BLOCKS = YES;
				GCC_OPTIMIZATION_LEVEL = 0;
				GCC_PREPROCESSOR_DEFINITIONS = (
					"DEBUG=1",
					"$(inherited)",
				);
				GCC_WARN_64_TO_32_BIT_CONVERSION = YES;
				GCC_WARN_ABOUT_RETURN_TYPE = YES_ERROR;
				GCC_WARN_UNDECLARED_SELECTOR = YES;
				GCC_WARN_UNINITIALIZED_AUTOS = YES_AGGRESSIVE;
				GCC_WARN_UNUSED_FUNCTION = YES;
				GCC_WARN_UNUSED_VARIABLE = YES;
				MACOSX_DEPLOYMENT_TARGET = 10.14;
				MTL_ENABLE_DEBUG_INFO = INCLUDE_SOURCE;
				MTL_FAST_MATH = YES;
				ONLY_ACTIVE_ARCH = YES;
				SDKROOT = macosx;
				SWIFT_ACTIVE_COMPILATION_CONDITIONS = DEBUG;
				SWIFT_OPTIMIZATION_LEVEL = "-Onone";
			};
			name = Debug;
		};
		C83B1BDC22A4163C008FD8B1 /* Release */ = {
			isa = XCBuildConfiguration;
			buildSettings = {
				ALWAYS_SEARCH_USER_PATHS = NO;
				CLANG_ANALYZER_NONNULL = YES;
				CLANG_ANALYZER_NUMBER_OBJECT_CONVERSION = YES_AGGRESSIVE;
				CLANG_CXX_LANGUAGE_STANDARD = "gnu++14";
				CLANG_CXX_LIBRARY = "libc++";
				CLANG_ENABLE_MODULES = YES;
				CLANG_ENABLE_OBJC_ARC = YES;
				CLANG_ENABLE_OBJC_WEAK = YES;
				CLANG_WARN_BLOCK_CAPTURE_AUTORELEASING = YES;
				CLANG_WARN_BOOL_CONVERSION = YES;
				CLANG_WARN_COMMA = YES;
				CLANG_WARN_CONSTANT_CONVERSION = YES;
				CLANG_WARN_DEPRECATED_OBJC_IMPLEMENTATIONS = YES;
				CLANG_WARN_DIRECT_OBJC_ISA_USAGE = YES_ERROR;
				CLANG_WARN_DOCUMENTATION_COMMENTS = YES;
				CLANG_WARN_EMPTY_BODY = YES;
				CLANG_WARN_ENUM_CONVERSION = YES;
				CLANG_WARN_INFINITE_RECURSION = YES;
				CLANG_WARN_INT_CONVERSION = YES;
				CLANG_WARN_NON_LITERAL_NULL_CONVERSION = YES;
				CLANG_WARN_OBJC_IMPLICIT_RETAIN_SELF = YES;
				CLANG_WARN_OBJC_LITERAL_CONVERSION = YES;
				CLANG_WARN_OBJC_ROOT_CLASS = YES_ERROR;
				CLANG_WARN_RANGE_LOOP_ANALYSIS = YES;
				CLANG_WARN_STRICT_PROTOTYPES = YES;
				CLANG_WARN_SUSPICIOUS_MOVE = YES;
				CLANG_WARN_UNGUARDED_AVAILABILITY = YES_AGGRESSIVE;
				CLANG_WARN_UNREACHABLE_CODE = YES;
				CLANG_WARN__DUPLICATE_METHOD_MATCH = YES;
				CODE_SIGN_IDENTITY = "Mac Developer";
				COPY_PHASE_STRIP = NO;
				DEBUG_INFORMATION_FORMAT = "dwarf-with-dsym";
				ENABLE_NS_ASSERTIONS = NO;
				ENABLE_STRICT_OBJC_MSGSEND = YES;
				GCC_C_LANGUAGE_STANDARD = gnu11;
				GCC_NO_COMMON_BLOCKS = YES;
				GCC_WARN_64_TO_32_BIT_CONVERSION = YES;
				GCC_WARN_ABOUT_RETURN_TYPE = YES_ERROR;
				GCC_WARN_UNDECLARED_SELECTOR = YES;
				GCC_WARN_UNINITIALIZED_AUTOS = YES_AGGRESSIVE;
				GCC_WARN_UNUSED_FUNCTION = YES;
				GCC_WARN_UNUSED_VARIABLE = YES;
				MACOSX_DEPLOYMENT_TARGET = 10.14;
				MTL_ENABLE_DEBUG_INFO = NO;
				MTL_FAST_MATH = YES;
				SDKROOT = macosx;
				SWIFT_COMPILATION_MODE = wholemodule;
				SWIFT_OPTIMIZATION_LEVEL = "-O";
			};
			name = Release;
		};
		C83B1BDE22A4163C008FD8B1 /* Debug */ = {
			isa = XCBuildConfiguration;
			buildSettings = {
				ASSETCATALOG_COMPILER_APPICON_NAME = AppIcon;
				CODE_SIGN_STYLE = Automatic;
				COMBINE_HIDPI_IMAGES = YES;
				DEVELOPMENT_TEAM = W6L39UYL6Z;
				INFOPLIST_FILE = PrintInfoHang/Info.plist;
				LD_RUNPATH_SEARCH_PATHS = (
					"$(inherited)",
					"@executable_path/../Frameworks",
				);
				PRODUCT_BUNDLE_IDENTIFIER = com.ideasoncanvas.PrintInfoHang;
				PRODUCT_NAME = "$(TARGET_NAME)";
				SWIFT_VERSION = 5.0;
			};
			name = Debug;
		};
		C83B1BDF22A4163C008FD8B1 /* Release */ = {
			isa = XCBuildConfiguration;
			buildSettings = {
				ASSETCATALOG_COMPILER_APPICON_NAME = AppIcon;
				CODE_SIGN_STYLE = Automatic;
				COMBINE_HIDPI_IMAGES = YES;
				DEVELOPMENT_TEAM = W6L39UYL6Z;
				INFOPLIST_FILE = PrintInfoHang/Info.plist;
				LD_RUNPATH_SEARCH_PATHS = (
					"$(inherited)",
					"@executable_path/../Frameworks",
				);
				PRODUCT_BUNDLE_IDENTIFIER = com.ideasoncanvas.PrintInfoHang;
				PRODUCT_NAME = "$(TARGET_NAME)";
				SWIFT_VERSION = 5.0;
			};
			name = Release;
		};
/* End XCBuildConfiguration section */

/* Begin XCConfigurationList section */
		C83B1BC522A4163B008FD8B1 /* Build configuration list for PBXProject "PrintInfoHang" */ = {
			isa = XCConfigurationList;
			buildConfigurations = (
				C83B1BDB22A4163C008FD8B1 /* Debug */,
				C83B1BDC22A4163C008FD8B1 /* Release */,
			);
			defaultConfigurationIsVisible = 0;
			defaultConfigurationName = Release;
		};
		C83B1BDD22A4163C008FD8B1 /* Build configuration list for PBXNativeTarget "PrintInfoHang" */ = {
			isa = XCConfigurationList;
			buildConfigurations = (
				C83B1BDE22A4163C008FD8B1 /* Debug */,
				C83B1BDF22A4163C008FD8B1 /* Release */,
			);
			defaultConfigurationIsVisible = 0;
			defaultConfigurationName = Release;
		};
/* End XCConfigurationList section */
	};
	rootObject = C83B1BC222A4163B008FD8B1 /* Project object */;
}
