// !$*UTF8*$!
{
	archiveVersion = 1;
	classes = {
	};
	objectVersion = 50;
	objects = {

/* Begin PBXBuildFile section */
		456DAC2920E2C47400D52617 /* AppDelegate.swift in Sources */ = {isa = PBXBuildFile; fileRef = 456DAC2820E2C47400D52617 /* AppDelegate.swift */; };
		456DAC2B20E2C47800D52617 /* Assets.xcassets in Resources */ = {isa = PBXBuildFile; fileRef = 456DAC2A20E2C47800D52617 /* Assets.xcassets */; };
		456DAC2E20E2C47800D52617 /* MainMenu.xib in Resources */ = {isa = PBXBuildFile; fileRef = 456DAC2C20E2C47800D52617 /* MainMenu.xib */; };
		456DAC3A20E2C47800D52617 /* TextRenderingTests.swift in Sources */ = {isa = PBXBuildFile; fileRef = 456DAC3920E2C47800D52617 /* TextRenderingTests.swift */; };
		456DAC4520E2C4B800D52617 /* CoreTextLayoutCalculator.swift in Sources */ = {isa = PBXBuildFile; fileRef = 456DAC4420E2C4B800D52617 /* CoreTextLayoutCalculator.swift */; };
		456DAC4720E2C51600D52617 /* NSLayoutManagerLayoutCalculator.swift in Sources */ = {isa = PBXBuildFile; fileRef = 456DAC4620E2C51600D52617 /* NSLayoutManagerLayoutCalculator.swift */; };
/* End PBXBuildFile section */

/* Begin PBXContainerItemProxy section */
		456DAC3620E2C47800D52617 /* PBXContainerItemProxy */ = {
			isa = PBXContainerItemProxy;
			containerPortal = 456DAC1D20E2C47400D52617 /* Project object */;
			proxyType = 1;
			remoteGlobalIDString = 456DAC2420E2C47400D52617;
			remoteInfo = TextRendering;
		};
/* End PBXContainerItemProxy section */

/* Begin PBXFileReference section */
		456DAC2520E2C47400D52617 /* TextRendering.app */ = {isa = PBXFileReference; explicitFileType = wrapper.application; includeInIndex = 0; path = TextRendering.app; sourceTree = BUILT_PRODUCTS_DIR; };
		456DAC2820E2C47400D52617 /* AppDelegate.swift */ = {isa = PBXFileReference; lastKnownFileType = sourcecode.swift; path = AppDelegate.swift; sourceTree = "<group>"; };
		456DAC2A20E2C47800D52617 /* Assets.xcassets */ = {isa = PBXFileReference; lastKnownFileType = folder.assetcatalog; path = Assets.xcassets; sourceTree = "<group>"; };
		456DAC2D20E2C47800D52617 /* Base */ = {isa = PBXFileReference; lastKnownFileType = file.xib; name = Base; path = Base.lproj/MainMenu.xib; sourceTree = "<group>"; };
		456DAC2F20E2C47800D52617 /* Info.plist */ = {isa = PBXFileReference; lastKnownFileType = text.plist.xml; path = Info.plist; sourceTree = "<group>"; };
		456DAC3020E2C47800D52617 /* TextRendering.entitlements */ = {isa = PBXFileReference; lastKnownFileType = text.plist.entitlements; path = TextRendering.entitlements; sourceTree = "<group>"; };
		456DAC3520E2C47800D52617 /* TextRenderingTests.xctest */ = {isa = PBXFileReference; explicitFileType = wrapper.cfbundle; includeInIndex = 0; path = TextRenderingTests.xctest; sourceTree = BUILT_PRODUCTS_DIR; };
		456DAC3920E2C47800D52617 /* TextRenderingTests.swift */ = {isa = PBXFileReference; lastKnownFileType = sourcecode.swift; path = TextRenderingTests.swift; sourceTree = "<group>"; };
		456DAC3B20E2C47800D52617 /* Info.plist */ = {isa = PBXFileReference; lastKnownFileType = text.plist.xml; path = Info.plist; sourceTree = "<group>"; };
		456DAC4420E2C4B800D52617 /* CoreTextLayoutCalculator.swift */ = {isa = PBXFileReference; lastKnownFileType = sourcecode.swift; path = CoreTextLayoutCalculator.swift; sourceTree = "<group>"; };
		456DAC4620E2C51600D52617 /* NSLayoutManagerLayoutCalculator.swift */ = {isa = PBXFileReference; lastKnownFileType = sourcecode.swift; path = NSLayoutManagerLayoutCalculator.swift; sourceTree = "<group>"; };
/* End PBXFileReference section */

/* Begin PBXFrameworksBuildPhase section */
		456DAC2220E2C47400D52617 /* Frameworks */ = {
			isa = PBXFrameworksBuildPhase;
			buildActionMask = 2147483647;
			files = (
			);
			runOnlyForDeploymentPostprocessing = 0;
		};
		456DAC3220E2C47800D52617 /* Frameworks */ = {
			isa = PBXFrameworksBuildPhase;
			buildActionMask = 2147483647;
			files = (
			);
			runOnlyForDeploymentPostprocessing = 0;
		};
/* End PBXFrameworksBuildPhase section */

/* Begin PBXGroup section */
		456DAC1C20E2C47400D52617 = {
			isa = PBXGroup;
			children = (
				456DAC2720E2C47400D52617 /* TextRendering */,
				456DAC3820E2C47800D52617 /* TextRenderingTests */,
				456DAC2620E2C47400D52617 /* Products */,
			);
			sourceTree = "<group>";
		};
		456DAC2620E2C47400D52617 /* Products */ = {
			isa = PBXGroup;
			children = (
				456DAC2520E2C47400D52617 /* TextRendering.app */,
				456DAC3520E2C47800D52617 /* TextRenderingTests.xctest */,
			);
			name = Products;
			sourceTree = "<group>";
		};
		456DAC2720E2C47400D52617 /* TextRendering */ = {
			isa = PBXGroup;
			children = (
				456DAC2820E2C47400D52617 /* AppDelegate.swift */,
				456DAC2A20E2C47800D52617 /* Assets.xcassets */,
				456DAC2C20E2C47800D52617 /* MainMenu.xib */,
				456DAC2F20E2C47800D52617 /* Info.plist */,
				456DAC3020E2C47800D52617 /* TextRendering.entitlements */,
				456DAC4420E2C4B800D52617 /* CoreTextLayoutCalculator.swift */,
				456DAC4620E2C51600D52617 /* NSLayoutManagerLayoutCalculator.swift */,
			);
			path = TextRendering;
			sourceTree = "<group>";
		};
		456DAC3820E2C47800D52617 /* TextRenderingTests */ = {
			isa = PBXGroup;
			children = (
				456DAC3920E2C47800D52617 /* TextRenderingTests.swift */,
				456DAC3B20E2C47800D52617 /* Info.plist */,
			);
			path = TextRenderingTests;
			sourceTree = "<group>";
		};
/* End PBXGroup section */

/* Begin PBXNativeTarget section */
		456DAC2420E2C47400D52617 /* TextRendering */ = {
			isa = PBXNativeTarget;
			buildConfigurationList = 456DAC3E20E2C47800D52617 /* Build configuration list for PBXNativeTarget "TextRendering" */;
			buildPhases = (
				456DAC2120E2C47400D52617 /* Sources */,
				456DAC2220E2C47400D52617 /* Frameworks */,
				456DAC2320E2C47400D52617 /* Resources */,
			);
			buildRules = (
			);
			dependencies = (
			);
			name = TextRendering;
			productName = TextRendering;
			productReference = 456DAC2520E2C47400D52617 /* TextRendering.app */;
			productType = "com.apple.product-type.application";
		};
		456DAC3420E2C47800D52617 /* TextRenderingTests */ = {
			isa = PBXNativeTarget;
			buildConfigurationList = 456DAC4120E2C47800D52617 /* Build configuration list for PBXNativeTarget "TextRenderingTests" */;
			buildPhases = (
				456DAC3120E2C47800D52617 /* Sources */,
				456DAC3220E2C47800D52617 /* Frameworks */,
				456DAC3320E2C47800D52617 /* Resources */,
			);
			buildRules = (
			);
			dependencies = (
				456DAC3720E2C47800D52617 /* PBXTargetDependency */,
			);
			name = TextRenderingTests;
			productName = TextRenderingTests;
			productReference = 456DAC3520E2C47800D52617 /* TextRenderingTests.xctest */;
			productType = "com.apple.product-type.bundle.unit-test";
		};
/* End PBXNativeTarget section */

/* Begin PBXProject section */
		456DAC1D20E2C47400D52617 /* Project object */ = {
			isa = PBXProject;
			attributes = {
				LastSwiftUpdateCheck = 0940;
				LastUpgradeCheck = 0940;
				ORGANIZATIONNAME = blacksoft;
				TargetAttributes = {
					456DAC2420E2C47400D52617 = {
						CreatedOnToolsVersion = 9.4.1;
					};
					456DAC3420E2C47800D52617 = {
						CreatedOnToolsVersion = 9.4.1;
						TestTargetID = 456DAC2420E2C47400D52617;
					};
				};
			};
			buildConfigurationList = 456DAC2020E2C47400D52617 /* Build configuration list for PBXProject "TextRendering" */;
			compatibilityVersion = "Xcode 9.3";
			developmentRegion = en;
			hasScannedForEncodings = 0;
			knownRegions = (
				en,
				Base,
			);
			mainGroup = 456DAC1C20E2C47400D52617;
			productRefGroup = 456DAC2620E2C47400D52617 /* Products */;
			projectDirPath = "";
			projectRoot = "";
			targets = (
				456DAC2420E2C47400D52617 /* TextRendering */,
				456DAC3420E2C47800D52617 /* TextRenderingTests */,
			);
		};
/* End PBXProject section */

/* Begin PBXResourcesBuildPhase section */
		456DAC2320E2C47400D52617 /* Resources */ = {
			isa = PBXResourcesBuildPhase;
			buildActionMask = 2147483647;
			files = (
				456DAC2B20E2C47800D52617 /* Assets.xcassets in Resources */,
				456DAC2E20E2C47800D52617 /* MainMenu.xib in Resources */,
			);
			runOnlyForDeploymentPostprocessing = 0;
		};
		456DAC3320E2C47800D52617 /* Resources */ = {
			isa = PBXResourcesBuildPhase;
			buildActionMask = 2147483647;
			files = (
			);
			runOnlyForDeploymentPostprocessing = 0;
		};
/* End PBXResourcesBuildPhase section */

/* Begin PBXSourcesBuildPhase section */
		456DAC2120E2C47400D52617 /* Sources */ = {
			isa = PBXSourcesBuildPhase;
			buildActionMask = 2147483647;
			files = (
				456DAC4520E2C4B800D52617 /* CoreTextLayoutCalculator.swift in Sources */,
				456DAC4720E2C51600D52617 /* NSLayoutManagerLayoutCalculator.swift in Sources */,
				456DAC2920E2C47400D52617 /* AppDelegate.swift in Sources */,
			);
			runOnlyForDeploymentPostprocessing = 0;
		};
		456DAC3120E2C47800D52617 /* Sources */ = {
			isa = PBXSourcesBuildPhase;
			buildActionMask = 2147483647;
			files = (
				456DAC3A20E2C47800D52617 /* TextRenderingTests.swift in Sources */,
			);
			runOnlyForDeploymentPostprocessing = 0;
		};
/* End PBXSourcesBuildPhase section */

/* Begin PBXTargetDependency section */
		456DAC3720E2C47800D52617 /* PBXTargetDependency */ = {
			isa = PBXTargetDependency;
			target = 456DAC2420E2C47400D52617 /* TextRendering */;
			targetProxy = 456DAC3620E2C47800D52617 /* PBXContainerItemProxy */;
		};
/* End PBXTargetDependency section */

/* Begin PBXVariantGroup section */
		456DAC2C20E2C47800D52617 /* MainMenu.xib */ = {
			isa = PBXVariantGroup;
			children = (
				456DAC2D20E2C47800D52617 /* Base */,
			);
			name = MainMenu.xib;
			sourceTree = "<group>";
		};
/* End PBXVariantGroup section */

/* Begin XCBuildConfiguration section */
		456DAC3C20E2C47800D52617 /* Debug */ = {
			isa = XCBuildConfiguration;
			buildSettings = {
				ALWAYS_SEARCH_USER_PATHS = NO;
				CLANG_ANALYZER_NONNULL = YES;
				CLANG_ANALYZER_NUMBER_OBJECT_CONVERSION = YES_AGGRESSIVE;
				CLANG_CXX_LANGUAGE_STANDARD = "gnu++14";
				CLANG_CXX_LIBRARY = "libc++";
				CLANG_ENABLE_MODULES = YES;
				CLANG_ENABLE_OBJC_ARC = YES;
				CLANG_ENABLE_OBJC_WEAK = YES;
				CLANG_WARN_BLOCK_CAPTURE_AUTORELEASING = YES;
				CLANG_WARN_BOOL_CONVERSION = YES;
				CLANG_WARN_COMMA = YES;
				CLANG_WARN_CONSTANT_CONVERSION = YES;
				CLANG_WARN_DEPRECATED_OBJC_IMPLEMENTATIONS = YES;
				CLANG_WARN_DIRECT_OBJC_ISA_USAGE = YES_ERROR;
				CLANG_WARN_DOCUMENTATION_COMMENTS = YES;
				CLANG_WARN_EMPTY_BODY = YES;
				CLANG_WARN_ENUM_CONVERSION = YES;
				CLANG_WARN_INFINITE_RECURSION = YES;
				CLANG_WARN_INT_CONVERSION = YES;
				CLANG_WARN_NON_LITERAL_NULL_CONVERSION = YES;
				CLANG_WARN_OBJC_IMPLICIT_RETAIN_SELF = YES;
				CLANG_WARN_OBJC_LITERAL_CONVERSION = YES;
				CLANG_WARN_OBJC_ROOT_CLASS = YES_ERROR;
				CLANG_WARN_RANGE_LOOP_ANALYSIS = YES;
				CLANG_WARN_STRICT_PROTOTYPES = YES;
				CLANG_WARN_SUSPICIOUS_MOVE = YES;
				CLANG_WARN_UNGUARDED_AVAILABILITY = YES_AGGRESSIVE;
				CLANG_WARN_UNREACHABLE_CODE = YES;
				CLANG_WARN__DUPLICATE_METHOD_MATCH = YES;
				CODE_SIGN_IDENTITY = "Mac Developer";
				COPY_PHASE_STRIP = NO;
				DEBUG_INFORMATION_FORMAT = dwarf;
				ENABLE_STRICT_OBJC_MSGSEND = YES;
				ENABLE_TESTABILITY = YES;
				GCC_C_LANGUAGE_STANDARD = gnu11;
				GCC_DYNAMIC_NO_PIC = NO;
				GCC_NO_COMMON_BLOCKS = YES;
				GCC_OPTIMIZATION_LEVEL = 0;
				GCC_PREPROCESSOR_DEFINITIONS = (
					"DEBUG=1",
					"$(inherited)",
				);
				GCC_WARN_64_TO_32_BIT_CONVERSION = YES;
				GCC_WARN_ABOUT_RETURN_TYPE = YES_ERROR;
				GCC_WARN_UNDECLARED_SELECTOR = YES;
				GCC_WARN_UNINITIALIZED_AUTOS = YES_AGGRESSIVE;
				GCC_WARN_UNUSED_FUNCTION = YES;
				GCC_WARN_UNUSED_VARIABLE = YES;
				MACOSX_DEPLOYMENT_TARGET = 10.13;
				MTL_ENABLE_DEBUG_INFO = YES;
				ONLY_ACTIVE_ARCH = YES;
				SDKROOT = macosx;
				SWIFT_ACTIVE_COMPILATION_CONDITIONS = DEBUG;
				SWIFT_OPTIMIZATION_LEVEL = "-Onone";
			};
			name = Debug;
		};
		456DAC3D20E2C47800D52617 /* Release */ = {
			isa = XCBuildConfiguration;
			buildSettings = {
				ALWAYS_SEARCH_USER_PATHS = NO;
				CLANG_ANALYZER_NONNULL = YES;
				CLANG_ANALYZER_NUMBER_OBJECT_CONVERSION = YES_AGGRESSIVE;
				CLANG_CXX_LANGUAGE_STANDARD = "gnu++14";
				CLANG_CXX_LIBRARY = "libc++";
				CLANG_ENABLE_MODULES = YES;
				CLANG_ENABLE_OBJC_ARC = YES;
				CLANG_ENABLE_OBJC_WEAK = YES;
				CLANG_WARN_BLOCK_CAPTURE_AUTORELEASING = YES;
				CLANG_WARN_BOOL_CONVERSION = YES;
				CLANG_WARN_COMMA = YES;
				CLANG_WARN_CONSTANT_CONVERSION = YES;
				CLANG_WARN_DEPRECATED_OBJC_IMPLEMENTATIONS = YES;
				CLANG_WARN_DIRECT_OBJC_ISA_USAGE = YES_ERROR;
				CLANG_WARN_DOCUMENTATION_COMMENTS = YES;
				CLANG_WARN_EMPTY_BODY = YES;
				CLANG_WARN_ENUM_CONVERSION = YES;
				CLANG_WARN_INFINITE_RECURSION = YES;
				CLANG_WARN_INT_CONVERSION = YES;
				CLANG_WARN_NON_LITERAL_NULL_CONVERSION = YES;
				CLANG_WARN_OBJC_IMPLICIT_RETAIN_SELF = YES;
				CLANG_WARN_OBJC_LITERAL_CONVERSION = YES;
				CLANG_WARN_OBJC_ROOT_CLASS = YES_ERROR;
				CLANG_WARN_RANGE_LOOP_ANALYSIS = YES;
				CLANG_WARN_STRICT_PROTOTYPES = YES;
				CLANG_WARN_SUSPICIOUS_MOVE = YES;
				CLANG_WARN_UNGUARDED_AVAILABILITY = YES_AGGRESSIVE;
				CLANG_WARN_UNREACHABLE_CODE = YES;
				CLANG_WARN__DUPLICATE_METHOD_MATCH = YES;
				CODE_SIGN_IDENTITY = "Mac Developer";
				COPY_PHASE_STRIP = NO;
				DEBUG_INFORMATION_FORMAT = "dwarf-with-dsym";
				ENABLE_NS_ASSERTIONS = NO;
				ENABLE_STRICT_OBJC_MSGSEND = YES;
				GCC_C_LANGUAGE_STANDARD = gnu11;
				GCC_NO_COMMON_BLOCKS = YES;
				GCC_WARN_64_TO_32_BIT_CONVERSION = YES;
				GCC_WARN_ABOUT_RETURN_TYPE = YES_ERROR;
				GCC_WARN_UNDECLARED_SELECTOR = YES;
				GCC_WARN_UNINITIALIZED_AUTOS = YES_AGGRESSIVE;
				GCC_WARN_UNUSED_FUNCTION = YES;
				GCC_WARN_UNUSED_VARIABLE = YES;
				MACOSX_DEPLOYMENT_TARGET = 10.13;
				MTL_ENABLE_DEBUG_INFO = NO;
				SDKROOT = macosx;
				SWIFT_COMPILATION_MODE = wholemodule;
				SWIFT_OPTIMIZATION_LEVEL = "-O";
			};
			name = Release;
		};
		456DAC3F20E2C47800D52617 /* Debug */ = {
			isa = XCBuildConfiguration;
			buildSettings = {
				ASSETCATALOG_COMPILER_APPICON_NAME = AppIcon;
				CODE_SIGN_ENTITLEMENTS = TextRendering/TextRendering.entitlements;
				CODE_SIGN_STYLE = Automatic;
				COMBINE_HIDPI_IMAGES = YES;
				DEVELOPMENT_TEAM = XTM47F84ZT;
				INFOPLIST_FILE = TextRendering/Info.plist;
				LD_RUNPATH_SEARCH_PATHS = (
					"$(inherited)",
					"@executable_path/../Frameworks",
				);
				PRODUCT_BUNDLE_IDENTIFIER = com.blacksoft.TextRendering;
				PRODUCT_NAME = "$(TARGET_NAME)";
				SWIFT_VERSION = 4.0;
			};
			name = Debug;
		};
		456DAC4020E2C47800D52617 /* Release */ = {
			isa = XCBuildConfiguration;
			buildSettings = {
				ASSETCATALOG_COMPILER_APPICON_NAME = AppIcon;
				CODE_SIGN_ENTITLEMENTS = TextRendering/TextRendering.entitlements;
				CODE_SIGN_STYLE = Automatic;
				COMBINE_HIDPI_IMAGES = YES;
				DEVELOPMENT_TEAM = XTM47F84ZT;
				INFOPLIST_FILE = TextRendering/Info.plist;
				LD_RUNPATH_SEARCH_PATHS = (
					"$(inherited)",
					"@executable_path/../Frameworks",
				);
				PRODUCT_BUNDLE_IDENTIFIER = com.blacksoft.TextRendering;
				PRODUCT_NAME = "$(TARGET_NAME)";
				SWIFT_VERSION = 4.0;
			};
			name = Release;
		};
		456DAC4220E2C47800D52617 /* Debug */ = {
			isa = XCBuildConfiguration;
			buildSettings = {
				ALWAYS_EMBED_SWIFT_STANDARD_LIBRARIES = YES;
				BUNDLE_LOADER = "$(TEST_HOST)";
				CODE_SIGN_STYLE = Automatic;
				COMBINE_HIDPI_IMAGES = YES;
				DEVELOPMENT_TEAM = XTM47F84ZT;
				INFOPLIST_FILE = TextRenderingTests/Info.plist;
				LD_RUNPATH_SEARCH_PATHS = (
					"$(inherited)",
					"@executable_path/../Frameworks",
					"@loader_path/../Frameworks",
				);
				PRODUCT_BUNDLE_IDENTIFIER = com.blacksoft.TextRenderingTests;
				PRODUCT_NAME = "$(TARGET_NAME)";
				SWIFT_VERSION = 4.0;
				TEST_HOST = "$(BUILT_PRODUCTS_DIR)/TextRendering.app/Contents/MacOS/TextRendering";
			};
			name = Debug;
		};
		456DAC4320E2C47800D52617 /* Release */ = {
			isa = XCBuildConfiguration;
			buildSettings = {
				ALWAYS_EMBED_SWIFT_STANDARD_LIBRARIES = YES;
				BUNDLE_LOADER = "$(TEST_HOST)";
				CODE_SIGN_STYLE = Automatic;
				COMBINE_HIDPI_IMAGES = YES;
				DEVELOPMENT_TEAM = XTM47F84ZT;
				INFOPLIST_FILE = TextRenderingTests/Info.plist;
				LD_RUNPATH_SEARCH_PATHS = (
					"$(inherited)",
					"@executable_path/../Frameworks",
					"@loader_path/../Frameworks",
				);
				PRODUCT_BUNDLE_IDENTIFIER = com.blacksoft.TextRenderingTests;
				PRODUCT_NAME = "$(TARGET_NAME)";
				SWIFT_VERSION = 4.0;
				TEST_HOST = "$(BUILT_PRODUCTS_DIR)/TextRendering.app/Contents/MacOS/TextRendering";
			};
			name = Release;
		};
/* End XCBuildConfiguration section */

/* Begin XCConfigurationList section */
		456DAC2020E2C47400D52617 /* Build configuration list for PBXProject "TextRendering" */ = {
			isa = XCConfigurationList;
			buildConfigurations = (
				456DAC3C20E2C47800D52617 /* Debug */,
				456DAC3D20E2C47800D52617 /* Release */,
			);
			defaultConfigurationIsVisible = 0;
			defaultConfigurationName = Release;
		};
		456DAC3E20E2C47800D52617 /* Build configuration list for PBXNativeTarget "TextRendering" */ = {
			isa = XCConfigurationList;
			buildConfigurations = (
				456DAC3F20E2C47800D52617 /* Debug */,
				456DAC4020E2C47800D52617 /* Release */,
			);
			defaultConfigurationIsVisible = 0;
			defaultConfigurationName = Release;
		};
		456DAC4120E2C47800D52617 /* Build configuration list for PBXNativeTarget "TextRenderingTests" */ = {
			isa = XCConfigurationList;
			buildConfigurations = (
				456DAC4220E2C47800D52617 /* Debug */,
				456DAC4320E2C47800D52617 /* Release */,
			);
			defaultConfigurationIsVisible = 0;
			defaultConfigurationName = Release;
		};
/* End XCConfigurationList section */
	};
	rootObject = 456DAC1D20E2C47400D52617 /* Project object */;
}
